// !$*UTF8*$!
{
	archiveVersion = 1;
	classes = {
	};
	objectVersion = 46;
	objects = {

/* Begin PBXBuildFile section */
		A1600BDF19DB082E00339522 /* AppDelegate.swift in Sources */ = {isa = PBXBuildFile; fileRef = A1600BDE19DB082E00339522 /* AppDelegate.swift */; };
		A1600BE119DB082E00339522 /* ViewController.swift in Sources */ = {isa = PBXBuildFile; fileRef = A1600BE019DB082E00339522 /* ViewController.swift */; };
		A1600BE419DB082E00339522 /* Main.storyboard in Resources */ = {isa = PBXBuildFile; fileRef = A1600BE219DB082E00339522 /* Main.storyboard */; };
		A1600BE619DB082E00339522 /* Images.xcassets in Resources */ = {isa = PBXBuildFile; fileRef = A1600BE519DB082E00339522 /* Images.xcassets */; };
		A1600BE919DB082E00339522 /* LaunchScreen.xib in Resources */ = {isa = PBXBuildFile; fileRef = A1600BE719DB082E00339522 /* LaunchScreen.xib */; };
		A1600BF519DB082E00339522 /* ShoutTests.swift in Sources */ = {isa = PBXBuildFile; fileRef = A1600BF419DB082E00339522 /* ShoutTests.swift */; };
		A1600BFF19DB090900339522 /* Social.framework in Frameworks */ = {isa = PBXBuildFile; fileRef = A1600BFE19DB090900339522 /* Social.framework */; };
		A1600C0119DB097700339522 /* Tweet.swift in Sources */ = {isa = PBXBuildFile; fileRef = A1600C0019DB097700339522 /* Tweet.swift */; };
		A1600C0519DB22F700339522 /* tweets.json in Resources */ = {isa = PBXBuildFile; fileRef = A1600C0319DB22F700339522 /* tweets.json */; };
		A1600C0619DB22F700339522 /* TemplateIcon2x.png in Resources */ = {isa = PBXBuildFile; fileRef = A1600C0419DB22F700339522 /* TemplateIcon2x.png */; };
/* End PBXBuildFile section */

/* Begin PBXContainerItemProxy section */
		A1600BEF19DB082E00339522 /* PBXContainerItemProxy */ = {
			isa = PBXContainerItemProxy;
			containerPortal = A1600BD119DB082E00339522 /* Project object */;
			proxyType = 1;
			remoteGlobalIDString = A1600BD819DB082E00339522;
			remoteInfo = Shout;
		};
/* End PBXContainerItemProxy section */

/* Begin PBXFileReference section */
		A1600BD919DB082E00339522 /* Shout.app */ = {isa = PBXFileReference; explicitFileType = wrapper.application; includeInIndex = 0; path = Shout.app; sourceTree = BUILT_PRODUCTS_DIR; };
		A1600BDD19DB082E00339522 /* Info.plist */ = {isa = PBXFileReference; lastKnownFileType = text.plist.xml; path = Info.plist; sourceTree = "<group>"; };
		A1600BDE19DB082E00339522 /* AppDelegate.swift */ = {isa = PBXFileReference; lastKnownFileType = sourcecode.swift; path = AppDelegate.swift; sourceTree = "<group>"; };
		A1600BE019DB082E00339522 /* ViewController.swift */ = {isa = PBXFileReference; lastKnownFileType = sourcecode.swift; path = ViewController.swift; sourceTree = "<group>"; };
		A1600BE319DB082E00339522 /* Base */ = {isa = PBXFileReference; lastKnownFileType = file.storyboard; name = Base; path = Base.lproj/Main.storyboard; sourceTree = "<group>"; };
		A1600BE519DB082E00339522 /* Images.xcassets */ = {isa = PBXFileReference; lastKnownFileType = folder.assetcatalog; path = Images.xcassets; sourceTree = "<group>"; };
		A1600BE819DB082E00339522 /* Base */ = {isa = PBXFileReference; lastKnownFileType = file.xib; name = Base; path = Base.lproj/LaunchScreen.xib; sourceTree = "<group>"; };
		A1600BEE19DB082E00339522 /* ShoutTests.xctest */ = {isa = PBXFileReference; explicitFileType = wrapper.cfbundle; includeInIndex = 0; path = ShoutTests.xctest; sourceTree = BUILT_PRODUCTS_DIR; };
		A1600BF319DB082E00339522 /* Info.plist */ = {isa = PBXFileReference; lastKnownFileType = text.plist.xml; path = Info.plist; sourceTree = "<group>"; };
		A1600BF419DB082E00339522 /* ShoutTests.swift */ = {isa = PBXFileReference; lastKnownFileType = sourcecode.swift; path = ShoutTests.swift; sourceTree = "<group>"; };
		A1600BFE19DB090900339522 /* Social.framework */ = {isa = PBXFileReference; lastKnownFileType = wrapper.framework; name = Social.framework; path = System/Library/Frameworks/Social.framework; sourceTree = SDKROOT; };
		A1600C0019DB097700339522 /* Tweet.swift */ = {isa = PBXFileReference; fileEncoding = 4; lastKnownFileType = sourcecode.swift; path = Tweet.swift; sourceTree = "<group>"; };
		A1600C0319DB22F700339522 /* tweets.json */ = {isa = PBXFileReference; fileEncoding = 4; lastKnownFileType = text.json; path = tweets.json; sourceTree = "<group>"; };
		A1600C0419DB22F700339522 /* TemplateIcon2x.png */ = {isa = PBXFileReference; lastKnownFileType = image.png; path = TemplateIcon2x.png; sourceTree = "<group>"; };
/* End PBXFileReference section */

/* Begin PBXFrameworksBuildPhase section */
		A1600BD619DB082E00339522 /* Frameworks */ = {
			isa = PBXFrameworksBuildPhase;
			buildActionMask = 2147483647;
			files = (
				A1600BFF19DB090900339522 /* Social.framework in Frameworks */,
			);
			runOnlyForDeploymentPostprocessing = 0;
		};
		A1600BEB19DB082E00339522 /* Frameworks */ = {
			isa = PBXFrameworksBuildPhase;
			buildActionMask = 2147483647;
			files = (
			);
			runOnlyForDeploymentPostprocessing = 0;
		};
/* End PBXFrameworksBuildPhase section */

/* Begin PBXGroup section */
		A1600BD019DB082E00339522 = {
			isa = PBXGroup;
			children = (
				A1600C0319DB22F700339522 /* tweets.json */,
				A1600C0419DB22F700339522 /* TemplateIcon2x.png */,
				A1600BFE19DB090900339522 /* Social.framework */,
				A1600BDB19DB082E00339522 /* Shout */,
				A1600BF119DB082E00339522 /* ShoutTests */,
				A1600BDA19DB082E00339522 /* Products */,
			);
			sourceTree = "<group>";
		};
		A1600BDA19DB082E00339522 /* Products */ = {
			isa = PBXGroup;
			children = (
				A1600BD919DB082E00339522 /* Shout.app */,
				A1600BEE19DB082E00339522 /* ShoutTests.xctest */,
			);
			name = Products;
			sourceTree = "<group>";
		};
		A1600BDB19DB082E00339522 /* Shout */ = {
			isa = PBXGroup;
			children = (
				A1600BDE19DB082E00339522 /* AppDelegate.swift */,
				A1600C0019DB097700339522 /* Tweet.swift */,
				A1600BE019DB082E00339522 /* ViewController.swift */,
				A1600BE219DB082E00339522 /* Main.storyboard */,
				A1600BE519DB082E00339522 /* Images.xcassets */,
				A1600BE719DB082E00339522 /* LaunchScreen.xib */,
				A1600BDC19DB082E00339522 /* Supporting Files */,
			);
			path = Shout;
			sourceTree = "<group>";
		};
		A1600BDC19DB082E00339522 /* Supporting Files */ = {
			isa = PBXGroup;
			children = (
				A1600BDD19DB082E00339522 /* Info.plist */,
			);
			name = "Supporting Files";
			sourceTree = "<group>";
		};
		A1600BF119DB082E00339522 /* ShoutTests */ = {
			isa = PBXGroup;
			children = (
				A1600BF419DB082E00339522 /* ShoutTests.swift */,
				A1600BF219DB082E00339522 /* Supporting Files */,
			);
			path = ShoutTests;
			sourceTree = "<group>";
		};
		A1600BF219DB082E00339522 /* Supporting Files */ = {
			isa = PBXGroup;
			children = (
				A1600BF319DB082E00339522 /* Info.plist */,
			);
			name = "Supporting Files";
			sourceTree = "<group>";
		};
/* End PBXGroup section */

/* Begin PBXNativeTarget section */
		A1600BD819DB082E00339522 /* Shout */ = {
			isa = PBXNativeTarget;
			buildConfigurationList = A1600BF819DB082E00339522 /* Build configuration list for PBXNativeTarget "Shout" */;
			buildPhases = (
				A1600BD519DB082E00339522 /* Sources */,
				A1600BD619DB082E00339522 /* Frameworks */,
				A1600BD719DB082E00339522 /* Resources */,
			);
			buildRules = (
			);
			dependencies = (
			);
			name = Shout;
			productName = Shout;
			productReference = A1600BD919DB082E00339522 /* Shout.app */;
			productType = "com.apple.product-type.application";
		};
		A1600BED19DB082E00339522 /* ShoutTests */ = {
			isa = PBXNativeTarget;
			buildConfigurationList = A1600BFB19DB082E00339522 /* Build configuration list for PBXNativeTarget "ShoutTests" */;
			buildPhases = (
				A1600BEA19DB082E00339522 /* Sources */,
				A1600BEB19DB082E00339522 /* Frameworks */,
				A1600BEC19DB082E00339522 /* Resources */,
			);
			buildRules = (
			);
			dependencies = (
				A1600BF019DB082E00339522 /* PBXTargetDependency */,
			);
			name = ShoutTests;
			productName = ShoutTests;
			productReference = A1600BEE19DB082E00339522 /* ShoutTests.xctest */;
			productType = "com.apple.product-type.bundle.unit-test";
		};
/* End PBXNativeTarget section */

/* Begin PBXProject section */
		A1600BD119DB082E00339522 /* Project object */ = {
			isa = PBXProject;
			attributes = {
				LastUpgradeCheck = 0600;
				ORGANIZATIONNAME = Copypastel;
				TargetAttributes = {
					A1600BD819DB082E00339522 = {
						CreatedOnToolsVersion = 6.0;
					};
					A1600BED19DB082E00339522 = {
						CreatedOnToolsVersion = 6.0;
						TestTargetID = A1600BD819DB082E00339522;
					};
				};
			};
			buildConfigurationList = A1600BD419DB082E00339522 /* Build configuration list for PBXProject "Shout" */;
			compatibilityVersion = "Xcode 3.2";
			developmentRegion = English;
			hasScannedForEncodings = 0;
			knownRegions = (
				en,
				Base,
			);
			mainGroup = A1600BD019DB082E00339522;
			productRefGroup = A1600BDA19DB082E00339522 /* Products */;
			projectDirPath = "";
			projectRoot = "";
			targets = (
				A1600BD819DB082E00339522 /* Shout */,
				A1600BED19DB082E00339522 /* ShoutTests */,
			);
		};
/* End PBXProject section */

/* Begin PBXResourcesBuildPhase section */
		A1600BD719DB082E00339522 /* Resources */ = {
			isa = PBXResourcesBuildPhase;
			buildActionMask = 2147483647;
			files = (
				A1600C0619DB22F700339522 /* TemplateIcon2x.png in Resources */,
				A1600BE419DB082E00339522 /* Main.storyboard in Resources */,
				A1600BE919DB082E00339522 /* LaunchScreen.xib in Resources */,
				A1600BE619DB082E00339522 /* Images.xcassets in Resources */,
				A1600C0519DB22F700339522 /* tweets.json in Resources */,
			);
			runOnlyForDeploymentPostprocessing = 0;
		};
		A1600BEC19DB082E00339522 /* Resources */ = {
			isa = PBXResourcesBuildPhase;
			buildActionMask = 2147483647;
			files = (
			);
			runOnlyForDeploymentPostprocessing = 0;
		};
/* End PBXResourcesBuildPhase section */

/* Begin PBXSourcesBuildPhase section */
		A1600BD519DB082E00339522 /* Sources */ = {
			isa = PBXSourcesBuildPhase;
			buildActionMask = 2147483647;
			files = (
				A1600C0119DB097700339522 /* Tweet.swift in Sources */,
				A1600BE119DB082E00339522 /* ViewController.swift in Sources */,
				A1600BDF19DB082E00339522 /* AppDelegate.swift in Sources */,
			);
			runOnlyForDeploymentPostprocessing = 0;
		};
		A1600BEA19DB082E00339522 /* Sources */ = {
			isa = PBXSourcesBuildPhase;
			buildActionMask = 2147483647;
			files = (
				A1600BF519DB082E00339522 /* ShoutTests.swift in Sources */,
			);
			runOnlyForDeploymentPostprocessing = 0;
		};
/* End PBXSourcesBuildPhase section */

/* Begin PBXTargetDependency section */
		A1600BF019DB082E00339522 /* PBXTargetDependency */ = {
			isa = PBXTargetDependency;
			target = A1600BD819DB082E00339522 /* Shout */;
			targetProxy = A1600BEF19DB082E00339522 /* PBXContainerItemProxy */;
		};
/* End PBXTargetDependency section */

/* Begin PBXVariantGroup section */
		A1600BE219DB082E00339522 /* Main.storyboard */ = {
			isa = PBXVariantGroup;
			children = (
				A1600BE319DB082E00339522 /* Base */,
			);
			name = Main.storyboard;
			sourceTree = "<group>";
		};
		A1600BE719DB082E00339522 /* LaunchScreen.xib */ = {
			isa = PBXVariantGroup;
			children = (
				A1600BE819DB082E00339522 /* Base */,
			);
			name = LaunchScreen.xib;
			sourceTree = "<group>";
		};
/* End PBXVariantGroup section */

/* Begin XCBuildConfiguration section */
		A1600BF619DB082E00339522 /* Debug */ = {
			isa = XCBuildConfiguration;
			buildSettings = {
				ALWAYS_SEARCH_USER_PATHS = NO;
				CLANG_CXX_LANGUAGE_STANDARD = "gnu++0x";
				CLANG_CXX_LIBRARY = "libc++";
				CLANG_ENABLE_MODULES = YES;
				CLANG_ENABLE_OBJC_ARC = YES;
				CLANG_WARN_BOOL_CONVERSION = YES;
				CLANG_WARN_CONSTANT_CONVERSION = YES;
				CLANG_WARN_DIRECT_OBJC_ISA_USAGE = YES_ERROR;
				CLANG_WARN_EMPTY_BODY = YES;
				CLANG_WARN_ENUM_CONVERSION = YES;
				CLANG_WARN_INT_CONVERSION = YES;
				CLANG_WARN_OBJC_ROOT_CLASS = YES_ERROR;
				CLANG_WARN_UNREACHABLE_CODE = YES;
				CLANG_WARN__DUPLICATE_METHOD_MATCH = YES;
				"CODE_SIGN_IDENTITY[sdk=iphoneos*]" = "iPhone Developer";
				COPY_PHASE_STRIP = NO;
				ENABLE_STRICT_OBJC_MSGSEND = YES;
				GCC_C_LANGUAGE_STANDARD = gnu99;
				GCC_DYNAMIC_NO_PIC = NO;
				GCC_OPTIMIZATION_LEVEL = 0;
				GCC_PREPROCESSOR_DEFINITIONS = (
					"DEBUG=1",
					"$(inherited)",
				);
				GCC_SYMBOLS_PRIVATE_EXTERN = NO;
				GCC_WARN_64_TO_32_BIT_CONVERSION = YES;
				GCC_WARN_ABOUT_RETURN_TYPE = YES_ERROR;
				GCC_WARN_UNDECLARED_SELECTOR = YES;
				GCC_WARN_UNINITIALIZED_AUTOS = YES_AGGRESSIVE;
				GCC_WARN_UNUSED_FUNCTION = YES;
				GCC_WARN_UNUSED_VARIABLE = YES;
				IPHONEOS_DEPLOYMENT_TARGET = 8.0;
				MTL_ENABLE_DEBUG_INFO = YES;
				ONLY_ACTIVE_ARCH = YES;
				SDKROOT = iphoneos;
				SWIFT_OPTIMIZATION_LEVEL = "-Onone";
			};
			name = Debug;
		};
		A1600BF719DB082E00339522 /* Release */ = {
			isa = XCBuildConfiguration;
			buildSettings = {
				ALWAYS_SEARCH_USER_PATHS = NO;
				CLANG_CXX_LANGUAGE_STANDARD = "gnu++0x";
				CLANG_CXX_LIBRARY = "libc++";
				CLANG_ENABLE_MODULES = YES;
				CLANG_ENABLE_OBJC_ARC = YES;
				CLANG_WARN_BOOL_CONVERSION = YES;
				CLANG_WARN_CONSTANT_CONVERSION = YES;
				CLANG_WARN_DIRECT_OBJC_ISA_USAGE = YES_ERROR;
				CLANG_WARN_EMPTY_BODY = YES;
				CLANG_WARN_ENUM_CONVERSION = YES;
				CLANG_WARN_INT_CONVERSION = YES;
				CLANG_WARN_OBJC_ROOT_CLASS = YES_ERROR;
				CLANG_WARN_UNREACHABLE_CODE = YES;
				CLANG_WARN__DUPLICATE_METHOD_MATCH = YES;
				"CODE_SIGN_IDENTITY[sdk=iphoneos*]" = "iPhone Developer";
				COPY_PHASE_STRIP = YES;
				ENABLE_NS_ASSERTIONS = NO;
				ENABLE_STRICT_OBJC_MSGSEND = YES;
				GCC_C_LANGUAGE_STANDARD = gnu99;
				GCC_WARN_64_TO_32_BIT_CONVERSION = YES;
				GCC_WARN_ABOUT_RETURN_TYPE = YES_ERROR;
				GCC_WARN_UNDECLARED_SELECTOR = YES;
				GCC_WARN_UNINITIALIZED_AUTOS = YES_AGGRESSIVE;
				GCC_WARN_UNUSED_FUNCTION = YES;
				GCC_WARN_UNUSED_VARIABLE = YES;
				IPHONEOS_DEPLOYMENT_TARGET = 8.0;
				MTL_ENABLE_DEBUG_INFO = NO;
				SDKROOT = iphoneos;
				VALIDATE_PRODUCT = YES;
			};
			name = Release;
		};
		A1600BF919DB082E00339522 /* Debug */ = {
			isa = XCBuildConfiguration;
			buildSettings = {
				ASSETCATALOG_COMPILER_APPICON_NAME = AppIcon;
				INFOPLIST_FILE = Shout/Info.plist;
				LD_RUNPATH_SEARCH_PATHS = "$(inherited) @executable_path/Frameworks";
				PRODUCT_NAME = "$(TARGET_NAME)";
			};
			name = Debug;
		};
		A1600BFA19DB082E00339522 /* Release */ = {
			isa = XCBuildConfiguration;
			buildSettings = {
				ASSETCATALOG_COMPILER_APPICON_NAME = AppIcon;
				INFOPLIST_FILE = Shout/Info.plist;
				LD_RUNPATH_SEARCH_PATHS = "$(inherited) @executable_path/Frameworks";
				PRODUCT_NAME = "$(TARGET_NAME)";
			};
			name = Release;
		};
		A1600BFC19DB082E00339522 /* Debug */ = {
			isa = XCBuildConfiguration;
			buildSettings = {
				BUNDLE_LOADER = "$(TEST_HOST)";
				FRAMEWORK_SEARCH_PATHS = (
					"$(SDKROOT)/Developer/Library/Frameworks",
					"$(inherited)",
				);
				GCC_PREPROCESSOR_DEFINITIONS = (
					"DEBUG=1",
					"$(inherited)",
				);
				INFOPLIST_FILE = ShoutTests/Info.plist;
				LD_RUNPATH_SEARCH_PATHS = "$(inherited) @executable_path/Frameworks @loader_path/Frameworks";
				PRODUCT_NAME = "$(TARGET_NAME)";
				TEST_HOST = "$(BUILT_PRODUCTS_DIR)/Shout.app/Shout";
			};
			name = Debug;
		};
		A1600BFD19DB082E00339522 /* Release */ = {
			isa = XCBuildConfiguration;
			buildSettings = {
				BUNDLE_LOADER = "$(TEST_HOST)";
				FRAMEWORK_SEARCH_PATHS = (
					"$(SDKROOT)/Developer/Library/Frameworks",
					"$(inherited)",
				);
				INFOPLIST_FILE = ShoutTests/Info.plist;
				LD_RUNPATH_SEARCH_PATHS = "$(inherited) @executable_path/Frameworks @loader_path/Frameworks";
				PRODUCT_NAME = "$(TARGET_NAME)";
				TEST_HOST = "$(BUILT_PRODUCTS_DIR)/Shout.app/Shout";
			};
			name = Release;
		};
/* End XCBuildConfiguration section */

/* Begin XCConfigurationList section */
		A1600BD419DB082E00339522 /* Build configuration list for PBXProject "Shout" */ = {
			isa = XCConfigurationList;
			buildConfigurations = (
				A1600BF619DB082E00339522 /* Debug */,
				A1600BF719DB082E00339522 /* Release */,
			);
			defaultConfigurationIsVisible = 0;
			defaultConfigurationName = Release;
		};
		A1600BF819DB082E00339522 /* Build configuration list for PBXNativeTarget "Shout" */ = {
			isa = XCConfigurationList;
			buildConfigurations = (
				A1600BF919DB082E00339522 /* Debug */,
				A1600BFA19DB082E00339522 /* Release */,
			);
			defaultConfigurationIsVisible = 0;
		};
		A1600BFB19DB082E00339522 /* Build configuration list for PBXNativeTarget "ShoutTests" */ = {
			isa = XCConfigurationList;
			buildConfigurations = (
				A1600BFC19DB082E00339522 /* Debug */,
				A1600BFD19DB082E00339522 /* Release */,
			);
			defaultConfigurationIsVisible = 0;
		};
/* End XCConfigurationList section */
	};
	rootObject = A1600BD119DB082E00339522 /* Project object */;
}
